// !$*UTF8*$!
{
	archiveVersion = 1;
	classes = {
	};
	objectVersion = 46;
	objects = {

/* Begin PBXBuildFile section */
		43B17C661D380EA70096556F /* main.m in Sources */ = {isa = PBXBuildFile; fileRef = 43B17C651D380EA70096556F /* main.m */; };
		43B17C741D380EA70096556F /* LaunchScreen.storyboard in Resources */ = {isa = PBXBuildFile; fileRef = 43B17C721D380EA70096556F /* LaunchScreen.storyboard */; };
		43B17C7D1D380F230096556F /* ProfileViewController.m in Sources */ = {isa = PBXBuildFile; fileRef = 43B17C7C1D380F230096556F /* ProfileViewController.m */; };
		43B17D3C1D380FBE0096556F /* AppDelegate.m in Sources */ = {isa = PBXBuildFile; fileRef = 43B17CD41D380FBE0096556F /* AppDelegate.m */; };
		43B17D3D1D380FBE0096556F /* Assets.xcassets in Resources */ = {isa = PBXBuildFile; fileRef = 43B17CD51D380FBE0096556F /* Assets.xcassets */; };
		43B17D3E1D380FBE0096556F /* LaunchScreen.storyboard in Resources */ = {isa = PBXBuildFile; fileRef = 43B17CD71D380FBE0096556F /* LaunchScreen.storyboard */; };
		43B17D3F1D380FBE0096556F /* BookingViewController.m in Sources */ = {isa = PBXBuildFile; fileRef = 43B17CDA1D380FBE0096556F /* BookingViewController.m */; };
		43B17D401D380FBE0096556F /* bookmark_photo.jpg in Resources */ = {isa = PBXBuildFile; fileRef = 43B17CDB1D380FBE0096556F /* bookmark_photo.jpg */; };
		43B17D411D380FBE0096556F /* bookmark.png in Resources */ = {isa = PBXBuildFile; fileRef = 43B17CDC1D380FBE0096556F /* bookmark.png */; };
		43B17D421D380FBE0096556F /* calendar_photo.jpg in Resources */ = {isa = PBXBuildFile; fileRef = 43B17CDD1D380FBE0096556F /* calendar_photo.jpg */; };
		43B17D431D380FBE0096556F /* calendar.png in Resources */ = {isa = PBXBuildFile; fileRef = 43B17CDE1D380FBE0096556F /* calendar.png */; };
		43B17D441D380FBE0096556F /* comments_photo.jpg in Resources */ = {isa = PBXBuildFile; fileRef = 43B17CDF1D380FBE0096556F /* comments_photo.jpg */; };
		43B17D451D380FBE0096556F /* comments.png in Resources */ = {isa = PBXBuildFile; fileRef = 43B17CE01D380FBE0096556F /* comments.png */; };
		43B17D461D380FBE0096556F /* Default-568h@2x.png in Resources */ = {isa = PBXBuildFile; fileRef = 43B17CE11D380FBE0096556F /* Default-568h@2x.png */; };
		43B17D471D380FBE0096556F /* Default.png in Resources */ = {isa = PBXBuildFile; fileRef = 43B17CE21D380FBE0096556F /* Default.png */; };
		43B17D481D380FBE0096556F /* Default@2x.png in Resources */ = {isa = PBXBuildFile; fileRef = 43B17CE31D380FBE0096556F /* Default@2x.png */; };
		43B17D4B1D380FBE0096556F /* littlePaw.png in Resources */ = {isa = PBXBuildFile; fileRef = 43B17CEB1D380FBE0096556F /* littlePaw.png */; };
		43B17D4C1D380FBE0096556F /* MainViewController.m in Sources */ = {isa = PBXBuildFile; fileRef = 43B17CED1D380FBE0096556F /* MainViewController.m */; };
		43B17D4D1D380FBE0096556F /* map.png in Resources */ = {isa = PBXBuildFile; fileRef = 43B17CEE1D380FBE0096556F /* map.png */; };
		43B17D4F1D380FBE0096556F /* menu.png in Resources */ = {isa = PBXBuildFile; fileRef = 43B17CF11D380FBE0096556F /* menu.png */; };
		43B17D501D380FBE0096556F /* menu@2x.png in Resources */ = {isa = PBXBuildFile; fileRef = 43B17CF21D380FBE0096556F /* menu@2x.png */; };
		43B17D511D380FBE0096556F /* nav_bg.png in Resources */ = {isa = PBXBuildFile; fileRef = 43B17CF31D380FBE0096556F /* nav_bg.png */; };
		43B17D521D380FBE0096556F /* news.png in Resources */ = {isa = PBXBuildFile; fileRef = 43B17CF41D380FBE0096556F /* news.png */; };
		43B17D531D380FBE0096556F /* PaymentViewController.m in Sources */ = {isa = PBXBuildFile; fileRef = 43B17CF61D380FBE0096556F /* PaymentViewController.m */; };
		43B17D541D380FBE0096556F /* photo.png in Resources */ = {isa = PBXBuildFile; fileRef = 43B17CF71D380FBE0096556F /* photo.png */; };
		43B17D561D380FBE0096556F /* PricingViewController.m in Sources */ = {isa = PBXBuildFile; fileRef = 43B17CFB1D380FBE0096556F /* PricingViewController.m */; };
		43B17D791D380FBE0096556F /* SidebarDemo-Info.plist in Resources */ = {isa = PBXBuildFile; fileRef = 43B17D2F1D380FBE0096556F /* SidebarDemo-Info.plist */; };
		43B17D7A1D380FBE0096556F /* SidebarViewController.m in Sources */ = {isa = PBXBuildFile; fileRef = 43B17D321D380FBE0096556F /* SidebarViewController.m */; };
		43B17D7B1D380FBE0096556F /* SWRevealViewController.m in Sources */ = {isa = PBXBuildFile; fileRef = 43B17D351D380FBE0096556F /* SWRevealViewController.m */; };
		43B17D7C1D380FBE0096556F /* tag_photo.jpg in Resources */ = {isa = PBXBuildFile; fileRef = 43B17D361D380FBE0096556F /* tag_photo.jpg */; };
		43B17D7D1D380FBE0096556F /* tag.png in Resources */ = {isa = PBXBuildFile; fileRef = 43B17D371D380FBE0096556F /* tag.png */; };
		43B17D7F1D380FBE0096556F /* wishlist_photo.jpg in Resources */ = {isa = PBXBuildFile; fileRef = 43B17D3A1D380FBE0096556F /* wishlist_photo.jpg */; };
		43B17D801D380FBE0096556F /* wishlist.png in Resources */ = {isa = PBXBuildFile; fileRef = 43B17D3B1D380FBE0096556F /* wishlist.png */; };
		43B17D881D3813260096556F /* InfoPlist.strings in Resources */ = {isa = PBXBuildFile; fileRef = 43B17D841D3813260096556F /* InfoPlist.strings */; };
		43B17D8C1D38148F0096556F /* Main.storyboard in Resources */ = {isa = PBXBuildFile; fileRef = 43B17D8A1D38148F0096556F /* Main.storyboard */; };
		43B17DB41D3D2D660096556F /* Dog.m in Sources */ = {isa = PBXBuildFile; fileRef = 43B17DB31D3D2D660096556F /* Dog.m */; };
		43B17DB71D3D2D740096556F /* Service.m in Sources */ = {isa = PBXBuildFile; fileRef = 43B17DB61D3D2D740096556F /* Service.m */; };
		43B17DBA1D3D2D810096556F /* User.m in Sources */ = {isa = PBXBuildFile; fileRef = 43B17DB91D3D2D810096556F /* User.m */; };
		43B17DBF1D3E77F10096556F /* GoogleService-Info.plist in Resources */ = {isa = PBXBuildFile; fileRef = 43B17DBE1D3E77F10096556F /* GoogleService-Info.plist */; };
		43B17DC21D3E7C7A0096556F /* Firebase.m in Sources */ = {isa = PBXBuildFile; fileRef = 43B17DC11D3E7C7A0096556F /* Firebase.m */; };
		43B17DD91D47C8640096556F /* libCloudinary.a in Frameworks */ = {isa = PBXBuildFile; fileRef = 43B17DD81D47C8640096556F /* libCloudinary.a */; };
		CA8FD38305C0F5270B506973 /* Pods_Pupper.framework in Frameworks */ = {isa = PBXBuildFile; fileRef = F7F8C8A3DFF1FE8A5E900C21 /* Pods_Pupper.framework */; };
/* End PBXBuildFile section */

/* Begin PBXFileReference section */
		37D98483449EEA9326723716 /* Pods-Pupper.release.xcconfig */ = {isa = PBXFileReference; includeInIndex = 1; lastKnownFileType = text.xcconfig; name = "Pods-Pupper.release.xcconfig"; path = "Pods/Target Support Files/Pods-Pupper/Pods-Pupper.release.xcconfig"; sourceTree = "<group>"; };
		43B17C611D380EA70096556F /* Pupper.app */ = {isa = PBXFileReference; explicitFileType = wrapper.application; includeInIndex = 0; path = Pupper.app; sourceTree = BUILT_PRODUCTS_DIR; };
		43B17C651D380EA70096556F /* main.m */ = {isa = PBXFileReference; lastKnownFileType = sourcecode.c.objc; path = main.m; sourceTree = "<group>"; };
		43B17C701D380EA70096556F /* Assets.xcassets */ = {isa = PBXFileReference; lastKnownFileType = folder.assetcatalog; path = Assets.xcassets; sourceTree = "<group>"; };
		43B17C731D380EA70096556F /* Base */ = {isa = PBXFileReference; lastKnownFileType = file.storyboard; name = Base; path = Base.lproj/LaunchScreen.storyboard; sourceTree = "<group>"; };
		43B17C751D380EA70096556F /* Info.plist */ = {isa = PBXFileReference; lastKnownFileType = text.plist.xml; path = Info.plist; sourceTree = "<group>"; };
		43B17C7B1D380F230096556F /* ProfileViewController.h */ = {isa = PBXFileReference; fileEncoding = 4; lastKnownFileType = sourcecode.c.h; path = ProfileViewController.h; sourceTree = "<group>"; };
		43B17C7C1D380F230096556F /* ProfileViewController.m */ = {isa = PBXFileReference; fileEncoding = 4; lastKnownFileType = sourcecode.c.objc; path = ProfileViewController.m; sourceTree = "<group>"; };
		43B17CD31D380FBE0096556F /* AppDelegate.h */ = {isa = PBXFileReference; fileEncoding = 4; lastKnownFileType = sourcecode.c.h; path = AppDelegate.h; sourceTree = "<group>"; };
		43B17CD41D380FBE0096556F /* AppDelegate.m */ = {isa = PBXFileReference; fileEncoding = 4; lastKnownFileType = sourcecode.c.objc; path = AppDelegate.m; sourceTree = "<group>"; };
		43B17CD51D380FBE0096556F /* Assets.xcassets */ = {isa = PBXFileReference; lastKnownFileType = folder.assetcatalog; path = Assets.xcassets; sourceTree = "<group>"; };
		43B17CD81D380FBE0096556F /* Base */ = {isa = PBXFileReference; lastKnownFileType = file.storyboard; name = Base; path = LaunchScreen.storyboard; sourceTree = "<group>"; };
		43B17CD91D380FBE0096556F /* BookingViewController.h */ = {isa = PBXFileReference; fileEncoding = 4; lastKnownFileType = sourcecode.c.h; path = BookingViewController.h; sourceTree = "<group>"; };
		43B17CDA1D380FBE0096556F /* BookingViewController.m */ = {isa = PBXFileReference; fileEncoding = 4; lastKnownFileType = sourcecode.c.objc; path = BookingViewController.m; sourceTree = "<group>"; };
		43B17CDB1D380FBE0096556F /* bookmark_photo.jpg */ = {isa = PBXFileReference; lastKnownFileType = image.jpeg; name = bookmark_photo.jpg; path = ../../bookmark_photo.jpg; sourceTree = "<group>"; };
		43B17CDC1D380FBE0096556F /* bookmark.png */ = {isa = PBXFileReference; lastKnownFileType = image.png; name = bookmark.png; path = ../../bookmark.png; sourceTree = "<group>"; };
		43B17CDD1D380FBE0096556F /* calendar_photo.jpg */ = {isa = PBXFileReference; lastKnownFileType = image.jpeg; name = calendar_photo.jpg; path = ../../calendar_photo.jpg; sourceTree = "<group>"; };
		43B17CDE1D380FBE0096556F /* calendar.png */ = {isa = PBXFileReference; lastKnownFileType = image.png; name = calendar.png; path = ../../calendar.png; sourceTree = "<group>"; };
		43B17CDF1D380FBE0096556F /* comments_photo.jpg */ = {isa = PBXFileReference; lastKnownFileType = image.jpeg; name = comments_photo.jpg; path = ../../comments_photo.jpg; sourceTree = "<group>"; };
		43B17CE01D380FBE0096556F /* comments.png */ = {isa = PBXFileReference; lastKnownFileType = image.png; name = comments.png; path = ../../comments.png; sourceTree = "<group>"; };
		43B17CE11D380FBE0096556F /* Default-568h@2x.png */ = {isa = PBXFileReference; lastKnownFileType = image.png; name = "Default-568h@2x.png"; path = "../../Default-568h@2x.png"; sourceTree = "<group>"; };
		43B17CE21D380FBE0096556F /* Default.png */ = {isa = PBXFileReference; lastKnownFileType = image.png; name = Default.png; path = ../../Default.png; sourceTree = "<group>"; };
		43B17CE31D380FBE0096556F /* Default@2x.png */ = {isa = PBXFileReference; lastKnownFileType = image.png; name = "Default@2x.png"; path = "../../Default@2x.png"; sourceTree = "<group>"; };
		43B17CEB1D380FBE0096556F /* littlePaw.png */ = {isa = PBXFileReference; lastKnownFileType = image.png; name = littlePaw.png; path = ../../littlePaw.png; sourceTree = "<group>"; };
		43B17CEC1D380FBE0096556F /* MainViewController.h */ = {isa = PBXFileReference; fileEncoding = 4; lastKnownFileType = sourcecode.c.h; path = MainViewController.h; sourceTree = "<group>"; };
		43B17CED1D380FBE0096556F /* MainViewController.m */ = {isa = PBXFileReference; fileEncoding = 4; lastKnownFileType = sourcecode.c.objc; path = MainViewController.m; sourceTree = "<group>"; };
		43B17CEE1D380FBE0096556F /* map.png */ = {isa = PBXFileReference; lastKnownFileType = image.png; path = map.png; sourceTree = "<group>"; };
		43B17CF11D380FBE0096556F /* menu.png */ = {isa = PBXFileReference; lastKnownFileType = image.png; path = menu.png; sourceTree = "<group>"; };
		43B17CF21D380FBE0096556F /* menu@2x.png */ = {isa = PBXFileReference; lastKnownFileType = image.png; path = "menu@2x.png"; sourceTree = "<group>"; };
		43B17CF31D380FBE0096556F /* nav_bg.png */ = {isa = PBXFileReference; lastKnownFileType = image.png; path = nav_bg.png; sourceTree = "<group>"; };
		43B17CF41D380FBE0096556F /* news.png */ = {isa = PBXFileReference; lastKnownFileType = image.png; path = news.png; sourceTree = "<group>"; };
		43B17CF51D380FBE0096556F /* PaymentViewController.h */ = {isa = PBXFileReference; fileEncoding = 4; lastKnownFileType = sourcecode.c.h; path = PaymentViewController.h; sourceTree = "<group>"; };
		43B17CF61D380FBE0096556F /* PaymentViewController.m */ = {isa = PBXFileReference; fileEncoding = 4; lastKnownFileType = sourcecode.c.objc; path = PaymentViewController.m; sourceTree = "<group>"; };
		43B17CF71D380FBE0096556F /* photo.png */ = {isa = PBXFileReference; lastKnownFileType = image.png; path = photo.png; sourceTree = "<group>"; };
		43B17CFA1D380FBE0096556F /* PricingViewController.h */ = {isa = PBXFileReference; fileEncoding = 4; lastKnownFileType = sourcecode.c.h; path = PricingViewController.h; sourceTree = "<group>"; };
		43B17CFB1D380FBE0096556F /* PricingViewController.m */ = {isa = PBXFileReference; fileEncoding = 4; lastKnownFileType = sourcecode.c.objc; path = PricingViewController.m; sourceTree = "<group>"; };
		43B17D2F1D380FBE0096556F /* SidebarDemo-Info.plist */ = {isa = PBXFileReference; fileEncoding = 4; lastKnownFileType = text.plist.xml; path = "SidebarDemo-Info.plist"; sourceTree = "<group>"; };
		43B17D301D380FBE0096556F /* SidebarDemo-Prefix.pch */ = {isa = PBXFileReference; fileEncoding = 4; lastKnownFileType = sourcecode.c.h; path = "SidebarDemo-Prefix.pch"; sourceTree = "<group>"; };
		43B17D311D380FBE0096556F /* SidebarViewController.h */ = {isa = PBXFileReference; fileEncoding = 4; lastKnownFileType = sourcecode.c.h; path = SidebarViewController.h; sourceTree = "<group>"; };
		43B17D321D380FBE0096556F /* SidebarViewController.m */ = {isa = PBXFileReference; fileEncoding = 4; lastKnownFileType = sourcecode.c.objc; path = SidebarViewController.m; sourceTree = "<group>"; };
		43B17D341D380FBE0096556F /* SWRevealViewController.h */ = {isa = PBXFileReference; fileEncoding = 4; lastKnownFileType = sourcecode.c.h; name = SWRevealViewController.h; path = Pupper/SWRevealViewController.h; sourceTree = SOURCE_ROOT; };
		43B17D351D380FBE0096556F /* SWRevealViewController.m */ = {isa = PBXFileReference; fileEncoding = 4; lastKnownFileType = sourcecode.c.objc; name = SWRevealViewController.m; path = Pupper/SWRevealViewController.m; sourceTree = SOURCE_ROOT; };
		43B17D361D380FBE0096556F /* tag_photo.jpg */ = {isa = PBXFileReference; lastKnownFileType = image.jpeg; path = tag_photo.jpg; sourceTree = "<group>"; };
		43B17D371D380FBE0096556F /* tag.png */ = {isa = PBXFileReference; lastKnownFileType = image.png; path = tag.png; sourceTree = "<group>"; };
		43B17D3A1D380FBE0096556F /* wishlist_photo.jpg */ = {isa = PBXFileReference; lastKnownFileType = image.jpeg; path = wishlist_photo.jpg; sourceTree = "<group>"; };
		43B17D3B1D380FBE0096556F /* wishlist.png */ = {isa = PBXFileReference; lastKnownFileType = image.png; path = wishlist.png; sourceTree = "<group>"; };
		43B17D851D3813260096556F /* en */ = {isa = PBXFileReference; lastKnownFileType = text.plist.strings; name = en; path = InfoPlist.strings; sourceTree = "<group>"; };
		43B17D8B1D38148F0096556F /* en */ = {isa = PBXFileReference; lastKnownFileType = file.storyboard; name = en; path = Main.storyboard; sourceTree = "<group>"; };
		43B17DB21D3D2D660096556F /* Dog.h */ = {isa = PBXFileReference; fileEncoding = 4; lastKnownFileType = sourcecode.c.h; path = Dog.h; sourceTree = "<group>"; };
		43B17DB31D3D2D660096556F /* Dog.m */ = {isa = PBXFileReference; fileEncoding = 4; lastKnownFileType = sourcecode.c.objc; path = Dog.m; sourceTree = "<group>"; };
		43B17DB51D3D2D740096556F /* Service.h */ = {isa = PBXFileReference; fileEncoding = 4; lastKnownFileType = sourcecode.c.h; path = Service.h; sourceTree = "<group>"; };
		43B17DB61D3D2D740096556F /* Service.m */ = {isa = PBXFileReference; fileEncoding = 4; lastKnownFileType = sourcecode.c.objc; path = Service.m; sourceTree = "<group>"; };
		43B17DB81D3D2D810096556F /* User.h */ = {isa = PBXFileReference; fileEncoding = 4; lastKnownFileType = sourcecode.c.h; path = User.h; sourceTree = "<group>"; };
		43B17DB91D3D2D810096556F /* User.m */ = {isa = PBXFileReference; fileEncoding = 4; lastKnownFileType = sourcecode.c.objc; path = User.m; sourceTree = "<group>"; };
		43B17DBE1D3E77F10096556F /* GoogleService-Info.plist */ = {isa = PBXFileReference; fileEncoding = 4; lastKnownFileType = text.plist.xml; path = "GoogleService-Info.plist"; sourceTree = "<group>"; };
		43B17DC01D3E7C7A0096556F /* Firebase.h */ = {isa = PBXFileReference; fileEncoding = 4; lastKnownFileType = sourcecode.c.h; path = Firebase.h; sourceTree = "<group>"; };
		43B17DC11D3E7C7A0096556F /* Firebase.m */ = {isa = PBXFileReference; fileEncoding = 4; lastKnownFileType = sourcecode.c.objc; path = Firebase.m; sourceTree = "<group>"; };
		43B17DD81D47C8640096556F /* libCloudinary.a */ = {isa = PBXFileReference; lastKnownFileType = archive.ar; path = libCloudinary.a; sourceTree = "<group>"; };
		43B17DDB1D47C86F0096556F /* CLCloudinary.h */ = {isa = PBXFileReference; fileEncoding = 4; lastKnownFileType = sourcecode.c.h; path = CLCloudinary.h; sourceTree = "<group>"; };
		43B17DDC1D47C86F0096556F /* CLEagerTransformation.h */ = {isa = PBXFileReference; fileEncoding = 4; lastKnownFileType = sourcecode.c.h; path = CLEagerTransformation.h; sourceTree = "<group>"; };
		43B17DDD1D47C86F0096556F /* CLLayer.h */ = {isa = PBXFileReference; fileEncoding = 4; lastKnownFileType = sourcecode.c.h; path = CLLayer.h; sourceTree = "<group>"; };
		43B17DDE1D47C86F0096556F /* Cloudinary.h */ = {isa = PBXFileReference; fileEncoding = 4; lastKnownFileType = sourcecode.c.h; path = Cloudinary.h; sourceTree = "<group>"; };
		43B17DDF1D47C86F0096556F /* CLTransformation.h */ = {isa = PBXFileReference; fileEncoding = 4; lastKnownFileType = sourcecode.c.h; path = CLTransformation.h; sourceTree = "<group>"; };
		43B17DE01D47C86F0096556F /* CLUploader.h */ = {isa = PBXFileReference; fileEncoding = 4; lastKnownFileType = sourcecode.c.h; path = CLUploader.h; sourceTree = "<group>"; };
		E8725641B0B5C6E4B82A7552 /* Pods-Pupper.debug.xcconfig */ = {isa = PBXFileReference; includeInIndex = 1; lastKnownFileType = text.xcconfig; name = "Pods-Pupper.debug.xcconfig"; path = "Pods/Target Support Files/Pods-Pupper/Pods-Pupper.debug.xcconfig"; sourceTree = "<group>"; };
		F7F8C8A3DFF1FE8A5E900C21 /* Pods_Pupper.framework */ = {isa = PBXFileReference; explicitFileType = wrapper.framework; includeInIndex = 0; path = Pods_Pupper.framework; sourceTree = BUILT_PRODUCTS_DIR; };
/* End PBXFileReference section */

/* Begin PBXFrameworksBuildPhase section */
		43B17C5E1D380EA70096556F /* Frameworks */ = {
			isa = PBXFrameworksBuildPhase;
			buildActionMask = 2147483647;
			files = (
				CA8FD38305C0F5270B506973 /* Pods_Pupper.framework in Frameworks */,
				43B17DD91D47C8640096556F /* libCloudinary.a in Frameworks */,
			);
			runOnlyForDeploymentPostprocessing = 0;
		};
/* End PBXFrameworksBuildPhase section */

/* Begin PBXGroup section */
		3DC80E600F1BFA596F46D293 /* Pods */ = {
			isa = PBXGroup;
			children = (
				E8725641B0B5C6E4B82A7552 /* Pods-Pupper.debug.xcconfig */,
				37D98483449EEA9326723716 /* Pods-Pupper.release.xcconfig */,
			);
			name = Pods;
			sourceTree = "<group>";
		};
		43B17C581D380EA70096556F = {
			isa = PBXGroup;
			children = (
				43B17C631D380EA70096556F /* Pupper */,
				43B17C621D380EA70096556F /* Products */,
				3DC80E600F1BFA596F46D293 /* Pods */,
				4826AE84F8494DB016E37813 /* Frameworks */,
			);
			sourceTree = "<group>";
		};
		43B17C621D380EA70096556F /* Products */ = {
			isa = PBXGroup;
			children = (
				43B17C611D380EA70096556F /* Pupper.app */,
			);
			name = Products;
			sourceTree = "<group>";
		};
		43B17C631D380EA70096556F /* Pupper */ = {
			isa = PBXGroup;
			children = (
				43B17D8A1D38148F0096556F /* Main.storyboard */,
				43B17CD31D380FBE0096556F /* AppDelegate.h */,
				43B17CD41D380FBE0096556F /* AppDelegate.m */,
				43B17DDA1D47C86F0096556F /* Cloudinary */,
				43B17DD01D47C2360096556F /* Firebase */,
				43B17DBE1D3E77F10096556F /* GoogleService-Info.plist */,
				43B17DBB1D3D2DD70096556F /* Models */,
				43B17DB01D38195A0096556F /* Controllers */,
				43B17D331D380FBE0096556F /* SWRevealViewController */,
				43B17CE91D380FBE0096556F /* GHSidebarNav */,
				43B17C641D380EA70096556F /* Supporting Files */,
			);
			path = Pupper;
			sourceTree = "<group>";
		};
		43B17C641D380EA70096556F /* Supporting Files */ = {
			isa = PBXGroup;
			children = (
				43B17D2F1D380FBE0096556F /* SidebarDemo-Info.plist */,
				43B17D831D3813260096556F /* en.lproj */,
				43B17C701D380EA70096556F /* Assets.xcassets */,
				43B17C721D380EA70096556F /* LaunchScreen.storyboard */,
				43B17C751D380EA70096556F /* Info.plist */,
				43B17C651D380EA70096556F /* main.m */,
				43B17DB11D3819960096556F /* Images */,
				43B17CD51D380FBE0096556F /* Assets.xcassets */,
			);
			name = "Supporting Files";
			sourceTree = "<group>";
		};
		43B17CD61D380FBE0096556F /* Base.lproj */ = {
			isa = PBXGroup;
			children = (
				43B17CD71D380FBE0096556F /* LaunchScreen.storyboard */,
			);
			name = Base.lproj;
			path = ../Base.lproj;
			sourceTree = "<group>";
		};
		43B17CE91D380FBE0096556F /* GHSidebarNav */ = {
			isa = PBXGroup;
			children = (
				43B17CD61D380FBE0096556F /* Base.lproj */,
				43B17CEA1D380FBE0096556F /* Images */,
			);
			path = GHSidebarNav;
			sourceTree = "<group>";
		};
		43B17CEA1D380FBE0096556F /* Images */ = {
			isa = PBXGroup;
			children = (
				43B17CDB1D380FBE0096556F /* bookmark_photo.jpg */,
				43B17CDC1D380FBE0096556F /* bookmark.png */,
				43B17CDD1D380FBE0096556F /* calendar_photo.jpg */,
				43B17CDE1D380FBE0096556F /* calendar.png */,
				43B17CDF1D380FBE0096556F /* comments_photo.jpg */,
				43B17CE01D380FBE0096556F /* comments.png */,
				43B17CE11D380FBE0096556F /* Default-568h@2x.png */,
				43B17CE21D380FBE0096556F /* Default.png */,
				43B17CE31D380FBE0096556F /* Default@2x.png */,
				43B17CEB1D380FBE0096556F /* littlePaw.png */,
			);
			path = Images;
			sourceTree = "<group>";
		};
		43B17D331D380FBE0096556F /* SWRevealViewController */ = {
			isa = PBXGroup;
			children = (
				43B17D341D380FBE0096556F /* SWRevealViewController.h */,
				43B17D351D380FBE0096556F /* SWRevealViewController.m */,
			);
			path = SWRevealViewController;
			sourceTree = "<group>";
		};
		43B17D831D3813260096556F /* en.lproj */ = {
			isa = PBXGroup;
			children = (
				43B17D841D3813260096556F /* InfoPlist.strings */,
			);
			path = en.lproj;
			sourceTree = "<group>";
		};
		43B17DB01D38195A0096556F /* Controllers */ = {
			isa = PBXGroup;
			children = (
				43B17D311D380FBE0096556F /* SidebarViewController.h */,
				43B17D321D380FBE0096556F /* SidebarViewController.m */,
				43B17CEC1D380FBE0096556F /* MainViewController.h */,
				43B17CED1D380FBE0096556F /* MainViewController.m */,
				43B17CD91D380FBE0096556F /* BookingViewController.h */,
				43B17CDA1D380FBE0096556F /* BookingViewController.m */,
				43B17CF51D380FBE0096556F /* PaymentViewController.h */,
				43B17CF61D380FBE0096556F /* PaymentViewController.m */,
				43B17CFA1D380FBE0096556F /* PricingViewController.h */,
				43B17CFB1D380FBE0096556F /* PricingViewController.m */,
				43B17D301D380FBE0096556F /* SidebarDemo-Prefix.pch */,
				43B17C7B1D380F230096556F /* ProfileViewController.h */,
				43B17C7C1D380F230096556F /* ProfileViewController.m */,
			);
			name = Controllers;
			sourceTree = "<group>";
		};
		43B17DB11D3819960096556F /* Images */ = {
			isa = PBXGroup;
			children = (
				43B17CEE1D380FBE0096556F /* map.png */,
				43B17CF11D380FBE0096556F /* menu.png */,
				43B17CF21D380FBE0096556F /* menu@2x.png */,
				43B17CF31D380FBE0096556F /* nav_bg.png */,
				43B17CF41D380FBE0096556F /* news.png */,
				43B17CF71D380FBE0096556F /* photo.png */,
				43B17D361D380FBE0096556F /* tag_photo.jpg */,
				43B17D371D380FBE0096556F /* tag.png */,
				43B17D3A1D380FBE0096556F /* wishlist_photo.jpg */,
				43B17D3B1D380FBE0096556F /* wishlist.png */,
			);
			name = Images;
			sourceTree = "<group>";
		};
		43B17DBB1D3D2DD70096556F /* Models */ = {
			isa = PBXGroup;
			children = (
				43B17DB21D3D2D660096556F /* Dog.h */,
				43B17DB31D3D2D660096556F /* Dog.m */,
				43B17DB51D3D2D740096556F /* Service.h */,
				43B17DB61D3D2D740096556F /* Service.m */,
				43B17DB81D3D2D810096556F /* User.h */,
				43B17DB91D3D2D810096556F /* User.m */,
			);
			name = Models;
			sourceTree = "<group>";
		};
		43B17DD01D47C2360096556F /* Firebase */ = {
			isa = PBXGroup;
			children = (
				43B17DC01D3E7C7A0096556F /* Firebase.h */,
				43B17DC11D3E7C7A0096556F /* Firebase.m */,
			);
			name = Firebase;
			sourceTree = "<group>";
		};
		43B17DDA1D47C86F0096556F /* Cloudinary */ = {
			isa = PBXGroup;
			children = (
				43B17DDB1D47C86F0096556F /* CLCloudinary.h */,
				43B17DDC1D47C86F0096556F /* CLEagerTransformation.h */,
				43B17DDD1D47C86F0096556F /* CLLayer.h */,
				43B17DDE1D47C86F0096556F /* Cloudinary.h */,
				43B17DDF1D47C86F0096556F /* CLTransformation.h */,
				43B17DE01D47C86F0096556F /* CLUploader.h */,
			);
			path = Cloudinary;
			sourceTree = "<group>";
		};
		4826AE84F8494DB016E37813 /* Frameworks */ = {
			isa = PBXGroup;
			children = (
				43B17DD81D47C8640096556F /* libCloudinary.a */,
				F7F8C8A3DFF1FE8A5E900C21 /* Pods_Pupper.framework */,
			);
			name = Frameworks;
			sourceTree = "<group>";
		};
/* End PBXGroup section */

/* Begin PBXNativeTarget section */
		43B17C601D380EA70096556F /* Pupper */ = {
			isa = PBXNativeTarget;
			buildConfigurationList = 43B17C781D380EA70096556F /* Build configuration list for PBXNativeTarget "Pupper" */;
			buildPhases = (
				1C2CD6FF93FDCE827564AB75 /* [CP] Check Pods Manifest.lock */,
				43B17C5D1D380EA70096556F /* Sources */,
				43B17C5E1D380EA70096556F /* Frameworks */,
				43B17C5F1D380EA70096556F /* Resources */,
				74C6B1F9343514E38E80490B /* [CP] Embed Pods Frameworks */,
				819E78D8FAFD699BCF2145D9 /* [CP] Copy Pods Resources */,
			);
			buildRules = (
			);
			dependencies = (
			);
			name = Pupper;
			productName = Pupper;
			productReference = 43B17C611D380EA70096556F /* Pupper.app */;
			productType = "com.apple.product-type.application";
		};
/* End PBXNativeTarget section */

/* Begin PBXProject section */
		43B17C591D380EA70096556F /* Project object */ = {
			isa = PBXProject;
			attributes = {
				LastUpgradeCheck = 0730;
				ORGANIZATIONNAME = DetroitLabs;
				TargetAttributes = {
					43B17C601D380EA70096556F = {
						CreatedOnToolsVersion = 7.3.1;
						DevelopmentTeam = 9FYN4E4B36;
					};
				};
			};
			buildConfigurationList = 43B17C5C1D380EA70096556F /* Build configuration list for PBXProject "Pupper" */;
			compatibilityVersion = "Xcode 3.2";
			developmentRegion = English;
			hasScannedForEncodings = 0;
			knownRegions = (
				en,
				Base,
			);
			mainGroup = 43B17C581D380EA70096556F;
			productRefGroup = 43B17C621D380EA70096556F /* Products */;
			projectDirPath = "";
			projectRoot = "";
			targets = (
				43B17C601D380EA70096556F /* Pupper */,
			);
		};
/* End PBXProject section */

/* Begin PBXResourcesBuildPhase section */
		43B17C5F1D380EA70096556F /* Resources */ = {
			isa = PBXResourcesBuildPhase;
			buildActionMask = 2147483647;
			files = (
				43B17D421D380FBE0096556F /* calendar_photo.jpg in Resources */,
				43B17D881D3813260096556F /* InfoPlist.strings in Resources */,
				43B17D7D1D380FBE0096556F /* tag.png in Resources */,
				43B17D4F1D380FBE0096556F /* menu.png in Resources */,
				43B17D461D380FBE0096556F /* Default-568h@2x.png in Resources */,
				43B17D801D380FBE0096556F /* wishlist.png in Resources */,
				43B17D501D380FBE0096556F /* menu@2x.png in Resources */,
				43B17D451D380FBE0096556F /* comments.png in Resources */,
				43B17D441D380FBE0096556F /* comments_photo.jpg in Resources */,
				43B17D481D380FBE0096556F /* Default@2x.png in Resources */,
				43B17D4B1D380FBE0096556F /* littlePaw.png in Resources */,
				43B17D541D380FBE0096556F /* photo.png in Resources */,
				43B17D511D380FBE0096556F /* nav_bg.png in Resources */,
				43B17D521D380FBE0096556F /* news.png in Resources */,
				43B17D431D380FBE0096556F /* calendar.png in Resources */,
				43B17D7C1D380FBE0096556F /* tag_photo.jpg in Resources */,
				43B17D401D380FBE0096556F /* bookmark_photo.jpg in Resources */,
				43B17D7F1D380FBE0096556F /* wishlist_photo.jpg in Resources */,
				43B17C741D380EA70096556F /* LaunchScreen.storyboard in Resources */,
				43B17D4D1D380FBE0096556F /* map.png in Resources */,
				43B17D791D380FBE0096556F /* SidebarDemo-Info.plist in Resources */,
				43B17D8C1D38148F0096556F /* Main.storyboard in Resources */,
				43B17D471D380FBE0096556F /* Default.png in Resources */,
				43B17D3E1D380FBE0096556F /* LaunchScreen.storyboard in Resources */,
				43B17D411D380FBE0096556F /* bookmark.png in Resources */,
				43B17D3D1D380FBE0096556F /* Assets.xcassets in Resources */,
				43B17DBF1D3E77F10096556F /* GoogleService-Info.plist in Resources */,
			);
			runOnlyForDeploymentPostprocessing = 0;
		};
/* End PBXResourcesBuildPhase section */

/* Begin PBXShellScriptBuildPhase section */
		1C2CD6FF93FDCE827564AB75 /* [CP] Check Pods Manifest.lock */ = {
			isa = PBXShellScriptBuildPhase;
			buildActionMask = 2147483647;
			files = (
			);
			inputPaths = (
			);
			name = "[CP] Check Pods Manifest.lock";
			outputPaths = (
			);
			runOnlyForDeploymentPostprocessing = 0;
			shellPath = /bin/sh;
			shellScript = "diff \"${PODS_ROOT}/../Podfile.lock\" \"${PODS_ROOT}/Manifest.lock\" > /dev/null\nif [[ $? != 0 ]] ; then\n    cat << EOM\nerror: The sandbox is not in sync with the Podfile.lock. Run 'pod install' or update your CocoaPods installation.\nEOM\n    exit 1\nfi\n";
			showEnvVarsInLog = 0;
		};
		74C6B1F9343514E38E80490B /* [CP] Embed Pods Frameworks */ = {
			isa = PBXShellScriptBuildPhase;
			buildActionMask = 2147483647;
			files = (
			);
			inputPaths = (
			);
			name = "[CP] Embed Pods Frameworks";
			outputPaths = (
			);
			runOnlyForDeploymentPostprocessing = 0;
			shellPath = /bin/sh;
			shellScript = "\"${SRCROOT}/Pods/Target Support Files/Pods-Pupper/Pods-Pupper-frameworks.sh\"\n";
			showEnvVarsInLog = 0;
		};
		819E78D8FAFD699BCF2145D9 /* [CP] Copy Pods Resources */ = {
			isa = PBXShellScriptBuildPhase;
			buildActionMask = 2147483647;
			files = (
			);
			inputPaths = (
			);
			name = "[CP] Copy Pods Resources";
			outputPaths = (
			);
			runOnlyForDeploymentPostprocessing = 0;
			shellPath = /bin/sh;
			shellScript = "\"${SRCROOT}/Pods/Target Support Files/Pods-Pupper/Pods-Pupper-resources.sh\"\n";
			showEnvVarsInLog = 0;
		};
/* End PBXShellScriptBuildPhase section */

/* Begin PBXSourcesBuildPhase section */
		43B17C5D1D380EA70096556F /* Sources */ = {
			isa = PBXSourcesBuildPhase;
			buildActionMask = 2147483647;
			files = (
				43B17C7D1D380F230096556F /* ProfileViewController.m in Sources */,
				43B17D7A1D380FBE0096556F /* SidebarViewController.m in Sources */,
				43B17DB41D3D2D660096556F /* Dog.m in Sources */,
				43B17C661D380EA70096556F /* main.m in Sources */,
				43B17D3F1D380FBE0096556F /* BookingViewController.m in Sources */,
				43B17D4C1D380FBE0096556F /* MainViewController.m in Sources */,
				43B17DB71D3D2D740096556F /* Service.m in Sources */,
				43B17D531D380FBE0096556F /* PaymentViewController.m in Sources */,
				43B17DBA1D3D2D810096556F /* User.m in Sources */,
				43B17DC21D3E7C7A0096556F /* Firebase.m in Sources */,
				43B17D3C1D380FBE0096556F /* AppDelegate.m in Sources */,
				43B17D7B1D380FBE0096556F /* SWRevealViewController.m in Sources */,
				43B17D561D380FBE0096556F /* PricingViewController.m in Sources */,
			);
			runOnlyForDeploymentPostprocessing = 0;
		};
/* End PBXSourcesBuildPhase section */

/* Begin PBXVariantGroup section */
		43B17C721D380EA70096556F /* LaunchScreen.storyboard */ = {
			isa = PBXVariantGroup;
			children = (
				43B17C731D380EA70096556F /* Base */,
			);
			name = LaunchScreen.storyboard;
			sourceTree = "<group>";
		};
		43B17CD71D380FBE0096556F /* LaunchScreen.storyboard */ = {
			isa = PBXVariantGroup;
			children = (
				43B17CD81D380FBE0096556F /* Base */,
			);
			name = LaunchScreen.storyboard;
			sourceTree = "<group>";
		};
		43B17D841D3813260096556F /* InfoPlist.strings */ = {
			isa = PBXVariantGroup;
			children = (
				43B17D851D3813260096556F /* en */,
			);
			name = InfoPlist.strings;
			sourceTree = "<group>";
		};
		43B17D8A1D38148F0096556F /* Main.storyboard */ = {
			isa = PBXVariantGroup;
			children = (
				43B17D8B1D38148F0096556F /* en */,
			);
			name = Main.storyboard;
			path = en.lproj;
			sourceTree = "<group>";
		};
/* End PBXVariantGroup section */

/* Begin XCBuildConfiguration section */
		43B17C761D380EA70096556F /* Debug */ = {
			isa = XCBuildConfiguration;
			buildSettings = {
				ALWAYS_SEARCH_USER_PATHS = NO;
				CLANG_ANALYZER_NONNULL = YES;
				CLANG_CXX_LANGUAGE_STANDARD = "gnu++0x";
				CLANG_CXX_LIBRARY = "libc++";
				CLANG_ENABLE_MODULES = YES;
				CLANG_ENABLE_OBJC_ARC = YES;
				CLANG_WARN_BOOL_CONVERSION = YES;
				CLANG_WARN_CONSTANT_CONVERSION = YES;
				CLANG_WARN_DIRECT_OBJC_ISA_USAGE = YES_ERROR;
				CLANG_WARN_EMPTY_BODY = YES;
				CLANG_WARN_ENUM_CONVERSION = YES;
				CLANG_WARN_INT_CONVERSION = YES;
				CLANG_WARN_OBJC_ROOT_CLASS = YES_ERROR;
				CLANG_WARN_UNREACHABLE_CODE = YES;
				CLANG_WARN__DUPLICATE_METHOD_MATCH = YES;
				"CODE_SIGN_IDENTITY[sdk=iphoneos*]" = "iPhone Developer";
				COPY_PHASE_STRIP = NO;
				DEBUG_INFORMATION_FORMAT = dwarf;
				ENABLE_STRICT_OBJC_MSGSEND = YES;
				ENABLE_TESTABILITY = YES;
				GCC_C_LANGUAGE_STANDARD = gnu99;
				GCC_DYNAMIC_NO_PIC = NO;
				GCC_NO_COMMON_BLOCKS = YES;
				GCC_OPTIMIZATION_LEVEL = 0;
				GCC_PREPROCESSOR_DEFINITIONS = (
					"DEBUG=1",
					"$(inherited)",
				);
				GCC_WARN_64_TO_32_BIT_CONVERSION = YES;
				GCC_WARN_ABOUT_RETURN_TYPE = YES_ERROR;
				GCC_WARN_UNDECLARED_SELECTOR = YES;
				GCC_WARN_UNINITIALIZED_AUTOS = YES_AGGRESSIVE;
				GCC_WARN_UNUSED_FUNCTION = YES;
				GCC_WARN_UNUSED_VARIABLE = YES;
				IPHONEOS_DEPLOYMENT_TARGET = 9.3;
				MTL_ENABLE_DEBUG_INFO = YES;
				ONLY_ACTIVE_ARCH = YES;
				SDKROOT = iphoneos;
			};
			name = Debug;
		};
		43B17C771D380EA70096556F /* Release */ = {
			isa = XCBuildConfiguration;
			buildSettings = {
				ALWAYS_SEARCH_USER_PATHS = NO;
				CLANG_ANALYZER_NONNULL = YES;
				CLANG_CXX_LANGUAGE_STANDARD = "gnu++0x";
				CLANG_CXX_LIBRARY = "libc++";
				CLANG_ENABLE_MODULES = YES;
				CLANG_ENABLE_OBJC_ARC = YES;
				CLANG_WARN_BOOL_CONVERSION = YES;
				CLANG_WARN_CONSTANT_CONVERSION = YES;
				CLANG_WARN_DIRECT_OBJC_ISA_USAGE = YES_ERROR;
				CLANG_WARN_EMPTY_BODY = YES;
				CLANG_WARN_ENUM_CONVERSION = YES;
				CLANG_WARN_INT_CONVERSION = YES;
				CLANG_WARN_OBJC_ROOT_CLASS = YES_ERROR;
				CLANG_WARN_UNREACHABLE_CODE = YES;
				CLANG_WARN__DUPLICATE_METHOD_MATCH = YES;
				"CODE_SIGN_IDENTITY[sdk=iphoneos*]" = "iPhone Developer";
				COPY_PHASE_STRIP = NO;
				DEBUG_INFORMATION_FORMAT = "dwarf-with-dsym";
				ENABLE_NS_ASSERTIONS = NO;
				ENABLE_STRICT_OBJC_MSGSEND = YES;
				GCC_C_LANGUAGE_STANDARD = gnu99;
				GCC_NO_COMMON_BLOCKS = YES;
				GCC_WARN_64_TO_32_BIT_CONVERSION = YES;
				GCC_WARN_ABOUT_RETURN_TYPE = YES_ERROR;
				GCC_WARN_UNDECLARED_SELECTOR = YES;
				GCC_WARN_UNINITIALIZED_AUTOS = YES_AGGRESSIVE;
				GCC_WARN_UNUSED_FUNCTION = YES;
				GCC_WARN_UNUSED_VARIABLE = YES;
				IPHONEOS_DEPLOYMENT_TARGET = 9.3;
				MTL_ENABLE_DEBUG_INFO = NO;
				SDKROOT = iphoneos;
				VALIDATE_PRODUCT = YES;
			};
			name = Release;
		};
		43B17C791D380EA70096556F /* Debug */ = {
			isa = XCBuildConfiguration;
			baseConfigurationReference = E8725641B0B5C6E4B82A7552 /* Pods-Pupper.debug.xcconfig */;
			buildSettings = {
				ASSETCATALOG_COMPILER_APPICON_NAME = AppIcon;
				CODE_SIGN_IDENTITY = "iPhone Developer";
				"CODE_SIGN_IDENTITY[sdk=iphoneos*]" = "iPhone Developer";
				INFOPLIST_FILE = Pupper/Info.plist;
				LD_RUNPATH_SEARCH_PATHS = "$(inherited) @executable_path/Frameworks";
				LIBRARY_SEARCH_PATHS = (
					"$(inherited)",
					"$(PROJECT_DIR)",
				);
				PRODUCT_BUNDLE_IDENTIFIER = com.detroitlabs.Pupper;
				PRODUCT_NAME = "$(TARGET_NAME)";
				PROVISIONING_PROFILE = "";
			};
			name = Debug;
		};
		43B17C7A1D380EA70096556F /* Release */ = {
			isa = XCBuildConfiguration;
			baseConfigurationReference = 37D98483449EEA9326723716 /* Pods-Pupper.release.xcconfig */;
			buildSettings = {
				ASSETCATALOG_COMPILER_APPICON_NAME = AppIcon;
				CODE_SIGN_IDENTITY = "iPhone Developer";
				"CODE_SIGN_IDENTITY[sdk=iphoneos*]" = "iPhone Developer";
				INFOPLIST_FILE = Pupper/Info.plist;
				LD_RUNPATH_SEARCH_PATHS = "$(inherited) @executable_path/Frameworks";
				LIBRARY_SEARCH_PATHS = (
					"$(inherited)",
					"$(PROJECT_DIR)",
				);
				PRODUCT_BUNDLE_IDENTIFIER = com.detroitlabs.Pupper;
				PRODUCT_NAME = "$(TARGET_NAME)";
				PROVISIONING_PROFILE = "";
			};
			name = Release;
		};
/* End XCBuildConfiguration section */

/* Begin XCConfigurationList section */
		43B17C5C1D380EA70096556F /* Build configuration list for PBXProject "Pupper" */ = {
			isa = XCConfigurationList;
			buildConfigurations = (
				43B17C761D380EA70096556F /* Debug */,
				43B17C771D380EA70096556F /* Release */,
			);
			defaultConfigurationIsVisible = 0;
			defaultConfigurationName = Release;
		};
		43B17C781D380EA70096556F /* Build configuration list for PBXNativeTarget "Pupper" */ = {
			isa = XCConfigurationList;
			buildConfigurations = (
				43B17C791D380EA70096556F /* Debug */,
				43B17C7A1D380EA70096556F /* Release */,
			);
			defaultConfigurationIsVisible = 0;
			defaultConfigurationName = Release;
		};
/* End XCConfigurationList section */
	};
	rootObject = 43B17C591D380EA70096556F /* Project object */;
}
